
Microsoft Visual Studio Solution File, Format Version 12.00
# Visual Studio 15
Project("{FAE04EC0-301F-11D3-BF4B-00C04F79EFBC}") = "Unity.Timeline", "Unity.Timeline.csproj", "{F91D6C19-B529-B9F8-B600-6C9E2510BA7F}"
EndProject
Project("{FAE04EC0-301F-11D3-BF4B-00C04F79EFBC}") = "Unity.Timeline.Editor", "Unity.Timeline.Editor.csproj", "{77584E14-99BB-D957-A78D-936152A1C069}"
EndProject
Project("{FAE04EC0-301F-11D3-BF4B-00C04F79EFBC}") = "Unity.TextMeshPro.Editor", "Unity.TextMeshPro.Editor.csproj", "{1A32417A-D2E3-32FB-B737-C693BA1ED496}"
EndProject
Project("{FAE04EC0-301F-11D3-BF4B-00C04F79EFBC}") = "Unity.VisualScripting.Flow", "Unity.VisualScripting.Flow.csproj", "{98392010-6E3F-59A6-B9D5-8FAEB6E2DBF1}"
EndProject
Project("{FAE04EC0-301F-11D3-BF4B-00C04F79EFBC}") = "UnityEditor.UI", "UnityEditor.UI.csproj", "{3BAFA38A-C85C-5C17-7B8A-59A45A4E857B}"
EndProject
Project("{FAE04EC0-301F-11D3-BF4B-00C04F79EFBC}") = "Unity.PlasticSCM.Editor", "Unity.PlasticSCM.Editor.csproj", "{D8E432D6-E4E9-2BCD-7FC2-DAF1670CB05E}"
EndProject
Project("{FAE04EC0-301F-11D3-BF4B-00C04F79EFBC}") = "Unity.VisualScripting.Core", "Unity.VisualScripting.Core.csproj", "{5F09B4D3-A0F6-6CAB-EAB6-6417AE646FE8}"
EndProject
Project("{FAE04EC0-301F-11D3-BF4B-00C04F79EFBC}") = "Unity.VisualScripting.Core.Editor", "Unity.VisualScripting.Core.Editor.csproj", "{9BD31004-3538-ABA7-149A-E549634D5586}"
EndProject
Project("{FAE04EC0-301F-11D3-BF4B-00C04F79EFBC}") = "Unity.VisualScripting.Flow.Editor", "Unity.VisualScripting.Flow.Editor.csproj", "{209EF7EB-899A-A354-A937-70339A32A4DA}"
EndProject
Project("{FAE04EC0-301F-11D3-BF4B-00C04F79EFBC}") = "UnityEditor.TestRunner", "UnityEditor.TestRunner.csproj", "{76E43EA6-109E-7AD1-564C-65C6F6A9B5AF}"
EndProject
Project("{FAE04EC0-301F-11D3-BF4B-00C04F79EFBC}") = "Unity.VisualScripting.SettingsProvider.Editor", "Unity.VisualScripting.SettingsProvider.Editor.csproj", "{D9539E80-3684-DB9A-E039-9F253DDF850B}"
EndProject
Project("{FAE04EC0-301F-11D3-BF4B-00C04F79EFBC}") = "UnityEngine.TestRunner", "UnityEngine.TestRunner.csproj", "{31B5BDE8-FC8B-4478-4A87-42A9D55A4488}"
EndProject
Project("{FAE04EC0-301F-11D3-BF4B-00C04F79EFBC}") = "UnityEngine.UI", "UnityEngine.UI.csproj", "{DC9B8CDA-1D25-5A2B-560A-7E63E1A885AA}"
EndProject
Project("{FAE04EC0-301F-11D3-BF4B-00C04F79EFBC}") = "Unity.VisualStudio.Editor", "Unity.VisualStudio.Editor.csproj", "{0F469D81-3ED0-E351-DA46-FB3F3ADEF2BF}"
EndProject
Project("{FAE04EC0-301F-11D3-BF4B-00C04F79EFBC}") = "Assembly-CSharp", "Assembly-CSharp.csproj", "{E291A4EC-41DC-24D6-027A-2544ED33A390}"
EndProject
Project("{FAE04EC0-301F-11D3-BF4B-00C04F79EFBC}") = "Unity.TestTools.CodeCoverage.Editor.OpenCover.Model", "Unity.TestTools.CodeCoverage.Editor.OpenCover.Model.csproj", "{01269F9B-7159-6915-EFDC-1D3B6E4497CC}"
EndProject
Project("{FAE04EC0-301F-11D3-BF4B-00C04F79EFBC}") = "Unity.Rider.Editor", "Unity.Rider.Editor.csproj", "{676391E1-6990-AE83-3F56-08CC89510E95}"
EndProject
Project("{FAE04EC0-301F-11D3-BF4B-00C04F79EFBC}") = "Unity.VisualScripting.State.Editor", "Unity.VisualScripting.State.Editor.csproj", "{0D895D13-06B3-3F70-4150-46594B268F94}"
EndProject
Project("{FAE04EC0-301F-11D3-BF4B-00C04F79EFBC}") = "Unity.TestTools.CodeCoverage.Editor", "Unity.TestTools.CodeCoverage.Editor.csproj", "{7FC8DD9F-62A6-FEBD-5FAF-E1316233EAD6}"
EndProject
Project("{FAE04EC0-301F-11D3-BF4B-00C04F79EFBC}") = "Unity.VisualScripting.State", "Unity.VisualScripting.State.csproj", "{75B25CCF-8A3E-518B-CF29-347E8B2F228B}"
EndProject
Project("{FAE04EC0-301F-11D3-BF4B-00C04F79EFBC}") = "Unity.TextMeshPro", "Unity.TextMeshPro.csproj", "{7927538D-7360-3627-BC4A-A22787A1473A}"
EndProject
Project("{FAE04EC0-301F-11D3-BF4B-00C04F79EFBC}") = "Unity.Performance.Profile-Analyzer.Editor", "Unity.Performance.Profile-Analyzer.Editor.csproj", "{8F611969-C8FA-1484-202E-3105E67BF191}"
EndProject
Project("{FAE04EC0-301F-11D3-BF4B-00C04F79EFBC}") = "Unity.VSCode.Editor", "Unity.VSCode.Editor.csproj", "{4288CA03-5294-6DAF-524A-19DA38B339B8}"
EndProject
Project("{FAE04EC0-301F-11D3-BF4B-00C04F79EFBC}") = "Unity.TestTools.CodeCoverage.Editor.OpenCover.Mono.Reflection", "Unity.TestTools.CodeCoverage.Editor.OpenCover.Mono.Reflection.csproj", "{C7A72FE2-7A88-A3FB-D00B-B0CA67B1C8F2}"
EndProject
Project("{FAE04EC0-301F-11D3-BF4B-00C04F79EFBC}") = "Assembly-CSharp-Editor", "Assembly-CSharp-Editor.csproj", "{CD75E25E-FB74-7273-4BB6-05A38C54D258}"
EndProject
Project("{FAE04EC0-301F-11D3-BF4B-00C04F79EFBC}") = "Unity.Settings.Editor", "Unity.Settings.Editor.csproj", "{1ED3ADBE-B7C8-57E4-600F-062A670D37B0}"
EndProject
Project("{FAE04EC0-301F-11D3-BF4B-00C04F79EFBC}") = "Unity.EditorCoroutines.Editor", "Unity.EditorCoroutines.Editor.csproj", "{015810AD-0B3A-F02A-0EC4-AE870A8ACBCE}"
EndProject
Project("{FAE04EC0-301F-11D3-BF4B-00C04F79EFBC}") = "Unity.VisualScripting.Shared.Editor", "Unity.VisualScripting.Shared.Editor.csproj", "{EB25AA8F-361B-A1AC-73CF-036D348D0A7B}"
EndProject
Project("{FAE04EC0-301F-11D3-BF4B-00C04F79EFBC}") = "Unity.CollabProxy.Editor", "Unity.CollabProxy.Editor.csproj", "{6365CE85-9D82-76E3-A320-4FDAD80125E6}"
EndProject
Global
	GlobalSection(SolutionConfigurationPlatforms) = preSolution
		Debug|Any CPU = Debug|Any CPU
		Release|Any CPU = Release|Any CPU
	EndGlobalSection
	GlobalSection(ProjectConfigurationPlatforms) = postSolution
		{F91D6C19-B529-B9F8-B600-6C9E2510BA7F}.Debug|Any CPU.ActiveCfg = Debug|Any CPU
		{F91D6C19-B529-B9F8-B600-6C9E2510BA7F}.Debug|Any CPU.Build.0 = Debug|Any CPU
		{F91D6C19-B529-B9F8-B600-6C9E2510BA7F}.Release|Any CPU.ActiveCfg = Release|Any CPU
		{F91D6C19-B529-B9F8-B600-6C9E2510BA7F}.Release|Any CPU.Build.0 = Release|Any CPU
		{77584E14-99BB-D957-A78D-936152A1C069}.Debug|Any CPU.ActiveCfg = Debug|Any CPU
		{77584E14-99BB-D957-A78D-936152A1C069}.Debug|Any CPU.Build.0 = Debug|Any CPU
		{77584E14-99BB-D957-A78D-936152A1C069}.Release|Any CPU.ActiveCfg = Release|Any CPU
		{77584E14-99BB-D957-A78D-936152A1C069}.Release|Any CPU.Build.0 = Release|Any CPU
		{1A32417A-D2E3-32FB-B737-C693BA1ED496}.Debug|Any CPU.ActiveCfg = Debug|Any CPU
		{1A32417A-D2E3-32FB-B737-C693BA1ED496}.Debug|Any CPU.Build.0 = Debug|Any CPU
		{1A32417A-D2E3-32FB-B737-C693BA1ED496}.Release|Any CPU.ActiveCfg = Release|Any CPU
		{1A32417A-D2E3-32FB-B737-C693BA1ED496}.Release|Any CPU.Build.0 = Release|Any CPU
		{98392010-6E3F-59A6-B9D5-8FAEB6E2DBF1}.Debug|Any CPU.ActiveCfg = Debug|Any CPU
		{98392010-6E3F-59A6-B9D5-8FAEB6E2DBF1}.Debug|Any CPU.Build.0 = Debug|Any CPU
		{98392010-6E3F-59A6-B9D5-8FAEB6E2DBF1}.Release|Any CPU.ActiveCfg = Release|Any CPU
		{98392010-6E3F-59A6-B9D5-8FAEB6E2DBF1}.Release|Any CPU.Build.0 = Release|Any CPU
		{3BAFA38A-C85C-5C17-7B8A-59A45A4E857B}.Debug|Any CPU.ActiveCfg = Debug|Any CPU
		{3BAFA38A-C85C-5C17-7B8A-59A45A4E857B}.Debug|Any CPU.Build.0 = Debug|Any CPU
		{3BAFA38A-C85C-5C17-7B8A-59A45A4E857B}.Release|Any CPU.ActiveCfg = Release|Any CPU
		{3BAFA38A-C85C-5C17-7B8A-59A45A4E857B}.Release|Any CPU.Build.0 = Release|Any CPU
		{D8E432D6-E4E9-2BCD-7FC2-DAF1670CB05E}.Debug|Any CPU.ActiveCfg = Debug|Any CPU
		{D8E432D6-E4E9-2BCD-7FC2-DAF1670CB05E}.Debug|Any CPU.Build.0 = Debug|Any CPU
		{D8E432D6-E4E9-2BCD-7FC2-DAF1670CB05E}.Release|Any CPU.ActiveCfg = Release|Any CPU
		{D8E432D6-E4E9-2BCD-7FC2-DAF1670CB05E}.Release|Any CPU.Build.0 = Release|Any CPU
		{5F09B4D3-A0F6-6CAB-EAB6-6417AE646FE8}.Debug|Any CPU.ActiveCfg = Debug|Any CPU
		{5F09B4D3-A0F6-6CAB-EAB6-6417AE646FE8}.Debug|Any CPU.Build.0 = Debug|Any CPU
		{5F09B4D3-A0F6-6CAB-EAB6-6417AE646FE8}.Release|Any CPU.ActiveCfg = Release|Any CPU
		{5F09B4D3-A0F6-6CAB-EAB6-6417AE646FE8}.Release|Any CPU.Build.0 = Release|Any CPU
		{9BD31004-3538-ABA7-149A-E549634D5586}.Debug|Any CPU.ActiveCfg = Debug|Any CPU
		{9BD31004-3538-ABA7-149A-E549634D5586}.Debug|Any CPU.Build.0 = Debug|Any CPU
		{9BD31004-3538-ABA7-149A-E549634D5586}.Release|Any CPU.ActiveCfg = Release|Any CPU
		{9BD31004-3538-ABA7-149A-E549634D5586}.Release|Any CPU.Build.0 = Release|Any CPU
		{209EF7EB-899A-A354-A937-70339A32A4DA}.Debug|Any CPU.ActiveCfg = Debug|Any CPU
		{209EF7EB-899A-A354-A937-70339A32A4DA}.Debug|Any CPU.Build.0 = Debug|Any CPU
		{209EF7EB-899A-A354-A937-70339A32A4DA}.Release|Any CPU.ActiveCfg = Release|Any CPU
		{209EF7EB-899A-A354-A937-70339A32A4DA}.Release|Any CPU.Build.0 = Release|Any CPU
		{76E43EA6-109E-7AD1-564C-65C6F6A9B5AF}.Debug|Any CPU.ActiveCfg = Debug|Any CPU
		{76E43EA6-109E-7AD1-564C-65C6F6A9B5AF}.Debug|Any CPU.Build.0 = Debug|Any CPU
		{76E43EA6-109E-7AD1-564C-65C6F6A9B5AF}.Release|Any CPU.ActiveCfg = Release|Any CPU
		{76E43EA6-109E-7AD1-564C-65C6F6A9B5AF}.Release|Any CPU.Build.0 = Release|Any CPU
		{D9539E80-3684-DB9A-E039-9F253DDF850B}.Debug|Any CPU.ActiveCfg = Debug|Any CPU
		{D9539E80-3684-DB9A-E039-9F253DDF850B}.Debug|Any CPU.Build.0 = Debug|Any CPU
		{D9539E80-3684-DB9A-E039-9F253DDF850B}.Release|Any CPU.ActiveCfg = Release|Any CPU
		{D9539E80-3684-DB9A-E039-9F253DDF850B}.Release|Any CPU.Build.0 = Release|Any CPU
		{31B5BDE8-FC8B-4478-4A87-42A9D55A4488}.Debug|Any CPU.ActiveCfg = Debug|Any CPU
		{31B5BDE8-FC8B-4478-4A87-42A9D55A4488}.Debug|Any CPU.Build.0 = Debug|Any CPU
		{31B5BDE8-FC8B-4478-4A87-42A9D55A4488}.Release|Any CPU.ActiveCfg = Release|Any CPU
		{31B5BDE8-FC8B-4478-4A87-42A9D55A4488}.Release|Any CPU.Build.0 = Release|Any CPU
		{DC9B8CDA-1D25-5A2B-560A-7E63E1A885AA}.Debug|Any CPU.ActiveCfg = Debug|Any CPU
		{DC9B8CDA-1D25-5A2B-560A-7E63E1A885AA}.Debug|Any CPU.Build.0 = Debug|Any CPU
		{DC9B8CDA-1D25-5A2B-560A-7E63E1A885AA}.Release|Any CPU.ActiveCfg = Release|Any CPU
		{DC9B8CDA-1D25-5A2B-560A-7E63E1A885AA}.Release|Any CPU.Build.0 = Release|Any CPU
		{0F469D81-3ED0-E351-DA46-FB3F3ADEF2BF}.Debug|Any CPU.ActiveCfg = Debug|Any CPU
		{0F469D81-3ED0-E351-DA46-FB3F3ADEF2BF}.Debug|Any CPU.Build.0 = Debug|Any CPU
		{0F469D81-3ED0-E351-DA46-FB3F3ADEF2BF}.Release|Any CPU.ActiveCfg = Release|Any CPU
		{0F469D81-3ED0-E351-DA46-FB3F3ADEF2BF}.Release|Any CPU.Build.0 = Release|Any CPU
		{E291A4EC-41DC-24D6-027A-2544ED33A390}.Debug|Any CPU.ActiveCfg = Debug|Any CPU
		{E291A4EC-41DC-24D6-027A-2544ED33A390}.Debug|Any CPU.Build.0 = Debug|Any CPU
		{E291A4EC-41DC-24D6-027A-2544ED33A390}.Release|Any CPU.ActiveCfg = Release|Any CPU
		{E291A4EC-41DC-24D6-027A-2544ED33A390}.Release|Any CPU.Build.0 = Release|Any CPU
		{01269F9B-7159-6915-EFDC-1D3B6E4497CC}.Debug|Any CPU.ActiveCfg = Debug|Any CPU
		{01269F9B-7159-6915-EFDC-1D3B6E4497CC}.Debug|Any CPU.Build.0 = Debug|Any CPU
		{01269F9B-7159-6915-EFDC-1D3B6E4497CC}.Release|Any CPU.ActiveCfg = Release|Any CPU
		{01269F9B-7159-6915-EFDC-1D3B6E4497CC}.Release|Any CPU.Build.0 = Release|Any CPU
		{676391E1-6990-AE83-3F56-08CC89510E95}.Debug|Any CPU.ActiveCfg = Debug|Any CPU
		{676391E1-6990-AE83-3F56-08CC89510E95}.Debug|Any CPU.Build.0 = Debug|Any CPU
		{676391E1-6990-AE83-3F56-08CC89510E95}.Release|Any CPU.ActiveCfg = Release|Any CPU
		{676391E1-6990-AE83-3F56-08CC89510E95}.Release|Any CPU.Build.0 = Release|Any CPU
		{0D895D13-06B3-3F70-4150-46594B268F94}.Debug|Any CPU.ActiveCfg = Debug|Any CPU
		{0D895D13-06B3-3F70-4150-46594B268F94}.Debug|Any CPU.Build.0 = Debug|Any CPU
		{0D895D13-06B3-3F70-4150-46594B268F94}.Release|Any CPU.ActiveCfg = Release|Any CPU
		{0D895D13-06B3-3F70-4150-46594B268F94}.Release|Any CPU.Build.0 = Release|Any CPU
		{7FC8DD9F-62A6-FEBD-5FAF-E1316233EAD6}.Debug|Any CPU.ActiveCfg = Debug|Any CPU
		{7FC8DD9F-62A6-FEBD-5FAF-E1316233EAD6}.Debug|Any CPU.Build.0 = Debug|Any CPU
		{7FC8DD9F-62A6-FEBD-5FAF-E1316233EAD6}.Release|Any CPU.ActiveCfg = Release|Any CPU
		{7FC8DD9F-62A6-FEBD-5FAF-E1316233EAD6}.Release|Any CPU.Build.0 = Release|Any CPU
		{75B25CCF-8A3E-518B-CF29-347E8B2F228B}.Debug|Any CPU.ActiveCfg = Debug|Any CPU
		{75B25CCF-8A3E-518B-CF29-347E8B2F228B}.Debug|Any CPU.Build.0 = Debug|Any CPU
		{75B25CCF-8A3E-518B-CF29-347E8B2F228B}.Release|Any CPU.ActiveCfg = Release|Any CPU
		{75B25CCF-8A3E-518B-CF29-347E8B2F228B}.Release|Any CPU.Build.0 = Release|Any CPU
		{7927538D-7360-3627-BC4A-A22787A1473A}.Debug|Any CPU.ActiveCfg = Debug|Any CPU
		{7927538D-7360-3627-BC4A-A22787A1473A}.Debug|Any CPU.Build.0 = Debug|Any CPU
		{7927538D-7360-3627-BC4A-A22787A1473A}.Release|Any CPU.ActiveCfg = Release|Any CPU
		{7927538D-7360-3627-BC4A-A22787A1473A}.Release|Any CPU.Build.0 = Release|Any CPU
		{8F611969-C8FA-1484-202E-3105E67BF191}.Debug|Any CPU.ActiveCfg = Debug|Any CPU
		{8F611969-C8FA-1484-202E-3105E67BF191}.Debug|Any CPU.Build.0 = Debug|Any CPU
		{8F611969-C8FA-1484-202E-3105E67BF191}.Release|Any CPU.ActiveCfg = Release|Any CPU
		{8F611969-C8FA-1484-202E-3105E67BF191}.Release|Any CPU.Build.0 = Release|Any CPU
		{4288CA03-5294-6DAF-524A-19DA38B339B8}.Debug|Any CPU.ActiveCfg = Debug|Any CPU
		{4288CA03-5294-6DAF-524A-19DA38B339B8}.Debug|Any CPU.Build.0 = Debug|Any CPU
		{4288CA03-5294-6DAF-524A-19DA38B339B8}.Release|Any CPU.ActiveCfg = Release|Any CPU
		{4288CA03-5294-6DAF-524A-19DA38B339B8}.Release|Any CPU.Build.0 = Release|Any CPU
		{C7A72FE2-7A88-A3FB-D00B-B0CA67B1C8F2}.Debug|Any CPU.ActiveCfg = Debug|Any CPU
		{C7A72FE2-7A88-A3FB-D00B-B0CA67B1C8F2}.Debug|Any CPU.Build.0 = Debug|Any CPU
		{C7A72FE2-7A88-A3FB-D00B-B0CA67B1C8F2}.Release|Any CPU.ActiveCfg = Release|Any CPU
		{C7A72FE2-7A88-A3FB-D00B-B0CA67B1C8F2}.Release|Any CPU.Build.0 = Release|Any CPU
		{CD75E25E-FB74-7273-4BB6-05A38C54D258}.Debug|Any CPU.ActiveCfg = Debug|Any CPU
		{CD75E25E-FB74-7273-4BB6-05A38C54D258}.Debug|Any CPU.Build.0 = Debug|Any CPU
		{CD75E25E-FB74-7273-4BB6-05A38C54D258}.Release|Any CPU.ActiveCfg = Release|Any CPU
		{CD75E25E-FB74-7273-4BB6-05A38C54D258}.Release|Any CPU.Build.0 = Release|Any CPU
		{1ED3ADBE-B7C8-57E4-600F-062A670D37B0}.Debug|Any CPU.ActiveCfg = Debug|Any CPU
		{1ED3ADBE-B7C8-57E4-600F-062A670D37B0}.Debug|Any CPU.Build.0 = Debug|Any CPU
		{1ED3ADBE-B7C8-57E4-600F-062A670D37B0}.Release|Any CPU.ActiveCfg = Release|Any CPU
		{1ED3ADBE-B7C8-57E4-600F-062A670D37B0}.Release|Any CPU.Build.0 = Release|Any CPU
		{015810AD-0B3A-F02A-0EC4-AE870A8ACBCE}.Debug|Any CPU.ActiveCfg = Debug|Any CPU
		{015810AD-0B3A-F02A-0EC4-AE870A8ACBCE}.Debug|Any CPU.Build.0 = Debug|Any CPU
		{015810AD-0B3A-F02A-0EC4-AE870A8ACBCE}.Release|Any CPU.ActiveCfg = Release|Any CPU
		{015810AD-0B3A-F02A-0EC4-AE870A8ACBCE}.Release|Any CPU.Build.0 = Release|Any CPU
		{EB25AA8F-361B-A1AC-73CF-036D348D0A7B}.Debug|Any CPU.ActiveCfg = Debug|Any CPU
		{EB25AA8F-361B-A1AC-73CF-036D348D0A7B}.Debug|Any CPU.Build.0 = Debug|Any CPU
		{EB25AA8F-361B-A1AC-73CF-036D348D0A7B}.Release|Any CPU.ActiveCfg = Release|Any CPU
		{EB25AA8F-361B-A1AC-73CF-036D348D0A7B}.Release|Any CPU.Build.0 = Release|Any CPU
		{6365CE85-9D82-76E3-A320-4FDAD80125E6}.Debug|Any CPU.ActiveCfg = Debug|Any CPU
		{6365CE85-9D82-76E3-A320-4FDAD80125E6}.Debug|Any CPU.Build.0 = Debug|Any CPU
		{6365CE85-9D82-76E3-A320-4FDAD80125E6}.Release|Any CPU.ActiveCfg = Release|Any CPU
		{6365CE85-9D82-76E3-A320-4FDAD80125E6}.Release|Any CPU.Build.0 = Release|Any CPU
	EndGlobalSection
	GlobalSection(SolutionProperties) = preSolution
		HideSolutionNode = FALSE
	EndGlobalSection
EndGlobal
